{
  "projects": [
    {
      "projectId": "caTPwKxj5ZrD9LQ7DMdK4Z",
      "version": "3.47.0",
      "dependencies": {},
      "lang": "js",
      "fileLocks": [
        {
          "assetId": "caTPwKxj5ZrD9LQ7DMdK4Z",
          "type": "projectCss",
          "checksum": "56a5d447501c0753e4cf451641894e78"
        },
        {
          "assetId": "caTPwKxj5ZrD9LQ7DMdK4Z",
          "checksum": "efdcd613ac98718578f9c563cd75fd38",
          "type": "projectModule"
        },
        {
          "assetId": "caTPwKxj5ZrD9LQ7DMdK4Z",
          "checksum": "da63876a1ab2ffe408f66af115d28c46",
          "type": "styleTokensProvider"
        }
      ],
      "codegenVersion": "0.0.2"
    },
    {
      "projectId": "gmeH6XgPaBtkt51HunAo4g",
      "version": "18.27.0",
      "dependencies": {},
      "lang": "js",
      "fileLocks": [
        {
          "assetId": "gmeH6XgPaBtkt51HunAo4g",
          "type": "projectCss",
          "checksum": "56a5d447501c0753e4cf451641894e78"
        },
        {
          "assetId": "gmeH6XgPaBtkt51HunAo4g",
          "checksum": "b257914c183ee7b8f06149f466106930",
          "type": "projectModule"
        },
        {
          "assetId": "gmeH6XgPaBtkt51HunAo4g",
          "checksum": "4b5f09b218e05c2944d99d725c0d2de2",
          "type": "styleTokensProvider"
        }
      ],
      "codegenVersion": "0.0.2"
    },
    {
      "projectId": "im2pStCKgPbRXfmQeJTnXf",
      "version": "latest",
      "dependencies": {
        "gmeH6XgPaBtkt51HunAo4g": "18.27.0",
        "caTPwKxj5ZrD9LQ7DMdK4Z": "3.47.0"
      },
      "lang": "js",
      "fileLocks": [
        {
          "type": "globalVariant",
          "assetId": "ur9LaxRnLOSE",
          "checksum": "7b36c47b8b28d2a93651bfeb1c92cb77"
        },
        {
          "assetId": "im2pStCKgPbRXfmQeJTnXf",
          "type": "projectCss",
          "checksum": "75c8825eb09c6f577dff1142a60e7567"
        },
        {
          "assetId": "im2pStCKgPbRXfmQeJTnXf",
          "checksum": "dbfe01e518bbec807dfc3d76769ccdcd",
          "type": "projectModule"
        },
        {
          "assetId": "im2pStCKgPbRXfmQeJTnXf",
          "checksum": "5c76f72e7b2e4b1df1f323bb10ae1714",
          "type": "styleTokensProvider"
        },
        {
          "type": "renderModule",
          "assetId": "T9ZuXXNpmJiI",
          "checksum": "f668602c573dc5418abf87f5bc929935"
        },
        {
          "type": "cssRules",
          "assetId": "T9ZuXXNpmJiI",
          "checksum": "f668602c573dc5418abf87f5bc929935"
        },
        {
          "type": "renderModule",
          "assetId": "3LLozVQ2ppLR",
          "checksum": "a2d8672b66876e43bf283dc0a6b220d0"
        },
        {
          "type": "cssRules",
          "assetId": "3LLozVQ2ppLR",
          "checksum": "a2d8672b66876e43bf283dc0a6b220d0"
        },
        {
          "type": "renderModule",
          "assetId": "z8-igd85F87t",
          "checksum": "598c5d4dd95dfbf3f20904f02f799124"
        },
        {
          "type": "cssRules",
          "assetId": "z8-igd85F87t",
          "checksum": "598c5d4dd95dfbf3f20904f02f799124"
        },
        {
          "type": "renderModule",
          "assetId": "JgQp-A5r4upv",
          "checksum": "7024fe4f0132af74d6a7bce160c55e20"
        },
        {
          "type": "cssRules",
          "assetId": "JgQp-A5r4upv",
          "checksum": "7024fe4f0132af74d6a7bce160c55e20"
        },
        {
          "type": "renderModule",
          "assetId": "LHO5Y-9DDLVI",
          "checksum": "e8d1d3a1fd23dfc6520a5ccc28b71008"
        },
        {
          "type": "cssRules",
          "assetId": "LHO5Y-9DDLVI",
          "checksum": "e8d1d3a1fd23dfc6520a5ccc28b71008"
        },
        {
          "type": "renderModule",
          "assetId": "v7HjjdvUMTSh",
          "checksum": "3be2349b8af2a1a42ca651253298e30b"
        },
        {
          "type": "cssRules",
          "assetId": "v7HjjdvUMTSh",
          "checksum": "3be2349b8af2a1a42ca651253298e30b"
        },
        {
          "type": "renderModule",
          "assetId": "htvAu96PWSA5",
          "checksum": "6a0024d4ae2f14750774edd9ff710e4c"
        },
        {
          "type": "cssRules",
          "assetId": "htvAu96PWSA5",
          "checksum": "6a0024d4ae2f14750774edd9ff710e4c"
        },
        {
          "type": "renderModule",
          "assetId": "Abao4wmW_zbz",
          "checksum": "89566d4e32032fed1b5d7f16f50d77a1"
        },
        {
          "type": "cssRules",
          "assetId": "Abao4wmW_zbz",
          "checksum": "89566d4e32032fed1b5d7f16f50d77a1"
        },
        {
          "type": "renderModule",
          "assetId": "EWN5f6i0Kuf7",
          "checksum": "a8037a614069fd9b2bc008df5b18a56f"
        },
        {
          "type": "cssRules",
          "assetId": "EWN5f6i0Kuf7",
          "checksum": "a8037a614069fd9b2bc008df5b18a56f"
        },
        {
          "type": "renderModule",
          "assetId": "8IMhnEVz9UEi",
          "checksum": "df56aa109204a01d5917e3b6a66ae0a0"
        },
        {
          "type": "cssRules",
          "assetId": "8IMhnEVz9UEi",
          "checksum": "df56aa109204a01d5917e3b6a66ae0a0"
        },
        {
          "type": "renderModule",
          "assetId": "huD0MEO2Hhq7",
          "checksum": "99400269bd0eac0e4b0f480c32b5ccda"
        },
        {
          "type": "cssRules",
          "assetId": "huD0MEO2Hhq7",
          "checksum": "99400269bd0eac0e4b0f480c32b5ccda"
        },
        {
          "type": "renderModule",
          "assetId": "1rLNiintK5s1",
          "checksum": "e80bea8c294ef2dcf99a4bc6575d3d61"
        },
        {
          "type": "cssRules",
          "assetId": "1rLNiintK5s1",
          "checksum": "e80bea8c294ef2dcf99a4bc6575d3d61"
        },
        {
          "type": "renderModule",
          "assetId": "uOh3rNJyKcTZ",
          "checksum": "1d3fb061fb6f9e09f4f5d696bd137544"
        },
        {
          "type": "cssRules",
          "assetId": "uOh3rNJyKcTZ",
          "checksum": "1d3fb061fb6f9e09f4f5d696bd137544"
        },
        {
          "type": "renderModule",
          "assetId": "cSY-pWHNW5hi",
          "checksum": "235451bb38e6edc2bc3a039bbb4151df"
        },
        {
          "type": "cssRules",
          "assetId": "cSY-pWHNW5hi",
          "checksum": "235451bb38e6edc2bc3a039bbb4151df"
        },
        {
          "type": "renderModule",
          "assetId": "yOS8YxAiumbl",
          "checksum": "0967188333a090458bfa961501b6b4f6"
        },
        {
          "type": "cssRules",
          "assetId": "yOS8YxAiumbl",
          "checksum": "0967188333a090458bfa961501b6b4f6"
        },
        {
          "type": "renderModule",
          "assetId": "aP6avST_BW-8",
          "checksum": "96cf966239f97e144e83a07da87b4584"
        },
        {
          "type": "cssRules",
          "assetId": "aP6avST_BW-8",
          "checksum": "96cf966239f97e144e83a07da87b4584"
        },
        {
          "type": "renderModule",
          "assetId": "yC_oCxtTQhAd",
          "checksum": "16963dede0445a5f96d73d942e6e376b"
        },
        {
          "type": "cssRules",
          "assetId": "yC_oCxtTQhAd",
          "checksum": "16963dede0445a5f96d73d942e6e376b"
        },
        {
          "type": "renderModule",
          "assetId": "Za8adaNTLREY",
          "checksum": "b28e62fc88460da32f815e5f8233e931"
        },
        {
          "type": "cssRules",
          "assetId": "Za8adaNTLREY",
          "checksum": "b28e62fc88460da32f815e5f8233e931"
        },
        {
          "type": "renderModule",
          "assetId": "qJo3aJuGfEeG",
          "checksum": "684010580ba9e6d017717bfb52b6b7b1"
        },
        {
          "type": "cssRules",
          "assetId": "qJo3aJuGfEeG",
          "checksum": "684010580ba9e6d017717bfb52b6b7b1"
        },
        {
          "type": "renderModule",
          "assetId": "HQYt7uZs-TJS",
          "checksum": "0d47a7e2c66fe272a9e0c88bf3c6f86d"
        },
        {
          "type": "cssRules",
          "assetId": "HQYt7uZs-TJS",
          "checksum": "0d47a7e2c66fe272a9e0c88bf3c6f86d"
        },
        {
          "type": "renderModule",
          "assetId": "PkYcxCZkAo1X",
          "checksum": "a1e4c68122a26a02544af3570c9ce1b2"
        },
        {
          "type": "cssRules",
          "assetId": "PkYcxCZkAo1X",
          "checksum": "a1e4c68122a26a02544af3570c9ce1b2"
        },
        {
          "type": "renderModule",
          "assetId": "lmfHA9icPZkM",
          "checksum": "762bfc0776300be291d4ac4b77d7e629"
        },
        {
          "type": "cssRules",
          "assetId": "lmfHA9icPZkM",
          "checksum": "762bfc0776300be291d4ac4b77d7e629"
        },
        {
          "type": "renderModule",
          "assetId": "lvXaTgD342E3",
          "checksum": "1c7b9cabd508896df6f1095f3861be44"
        },
        {
          "type": "cssRules",
          "assetId": "lvXaTgD342E3",
          "checksum": "1c7b9cabd508896df6f1095f3861be44"
        },
        {
          "type": "renderModule",
          "assetId": "-bh0mMHOsHd-",
          "checksum": "d585adec84558246ccd582d256b513fe"
        },
        {
          "type": "cssRules",
          "assetId": "-bh0mMHOsHd-",
          "checksum": "d585adec84558246ccd582d256b513fe"
        },
        {
          "type": "renderModule",
          "assetId": "9UKjHsI0ypiR",
          "checksum": "ac45bb660fc141d8550d58feb0685e66"
        },
        {
          "type": "cssRules",
          "assetId": "9UKjHsI0ypiR",
          "checksum": "ac45bb660fc141d8550d58feb0685e66"
        },
        {
          "type": "renderModule",
          "assetId": "tAxB0oZ5LJ1-",
          "checksum": "28c00465489a3826ba3dc6522b2ff828"
        },
        {
          "type": "cssRules",
          "assetId": "tAxB0oZ5LJ1-",
          "checksum": "28c00465489a3826ba3dc6522b2ff828"
        },
        {
          "type": "renderModule",
          "assetId": "eC0JW4oD3krq",
          "checksum": "f49001a312310a9fe23ab288e1c34744"
        },
        {
          "type": "cssRules",
          "assetId": "eC0JW4oD3krq",
          "checksum": "f49001a312310a9fe23ab288e1c34744"
        },
        {
          "type": "renderModule",
          "assetId": "4ds0MKNHjk7p",
          "checksum": "040eaa22f3d3f49806e5f1be3e04d856"
        },
        {
          "type": "cssRules",
          "assetId": "4ds0MKNHjk7p",
          "checksum": "040eaa22f3d3f49806e5f1be3e04d856"
        },
        {
          "type": "renderModule",
          "assetId": "3YPIaD3a3Oaj",
          "checksum": "174999b480b0cd3f4e14b954f030ba92"
        },
        {
          "type": "cssRules",
          "assetId": "3YPIaD3a3Oaj",
          "checksum": "174999b480b0cd3f4e14b954f030ba92"
        },
        {
          "type": "renderModule",
          "assetId": "0CzLoJA5bp6Y",
          "checksum": "f24c53f1adf510a7732c06bdfb42b6f9"
        },
        {
          "type": "cssRules",
          "assetId": "0CzLoJA5bp6Y",
          "checksum": "f24c53f1adf510a7732c06bdfb42b6f9"
        },
        {
          "type": "renderModule",
          "assetId": "FmCSzz7dZZy6",
          "checksum": "1cdb40d52fbd2c450bd3e427995420a2"
        },
        {
          "type": "cssRules",
          "assetId": "FmCSzz7dZZy6",
          "checksum": "1cdb40d52fbd2c450bd3e427995420a2"
        },
        {
          "type": "renderModule",
          "assetId": "by4RME4oArLg",
          "checksum": "75351378b4f775c343e0814ad7410a7c"
        },
        {
          "type": "cssRules",
          "assetId": "by4RME4oArLg",
          "checksum": "75351378b4f775c343e0814ad7410a7c"
        },
        {
          "type": "renderModule",
          "assetId": "lUiUKuAuj25p",
          "checksum": "60662df0e7cd51208cd9a69b37e76263"
        },
        {
          "type": "cssRules",
          "assetId": "lUiUKuAuj25p",
          "checksum": "60662df0e7cd51208cd9a69b37e76263"
        },
        {
          "type": "renderModule",
          "assetId": "eyDnbTMh6R0P",
          "checksum": "59787e9c161d63cc73bb3518d132a53f"
        },
        {
          "type": "cssRules",
          "assetId": "eyDnbTMh6R0P",
          "checksum": "59787e9c161d63cc73bb3518d132a53f"
        },
        {
          "type": "renderModule",
          "assetId": "-mWuepJPZVJA",
          "checksum": "3801cdc0b1fc904a17ef7655661664d9"
        },
        {
          "type": "cssRules",
          "assetId": "-mWuepJPZVJA",
          "checksum": "3801cdc0b1fc904a17ef7655661664d9"
        },
        {
          "type": "renderModule",
          "assetId": "_SoMFz68WlLD",
          "checksum": "4de353bb5fbd1e3634e6f6ca11dfc593"
        },
        {
          "type": "cssRules",
          "assetId": "_SoMFz68WlLD",
          "checksum": "4de353bb5fbd1e3634e6f6ca11dfc593"
        },
        {
          "type": "renderModule",
          "assetId": "8XW1WRUSOhEB",
          "checksum": "23aace18009c528381f75c43ef81e567"
        },
        {
          "type": "cssRules",
          "assetId": "8XW1WRUSOhEB",
          "checksum": "23aace18009c528381f75c43ef81e567"
        },
        {
          "type": "renderModule",
          "assetId": "QY4QTrZQAzLT",
          "checksum": "ba65045c2a4256deb1b5ace96d479ea8"
        },
        {
          "type": "cssRules",
          "assetId": "QY4QTrZQAzLT",
          "checksum": "ba65045c2a4256deb1b5ace96d479ea8"
        },
        {
          "type": "renderModule",
          "assetId": "6T6eqXivLo4B",
          "checksum": "767c10e5cb771fbdc1a83db1a942cee1"
        },
        {
          "type": "cssRules",
          "assetId": "6T6eqXivLo4B",
          "checksum": "767c10e5cb771fbdc1a83db1a942cee1"
        },
        {
          "type": "renderModule",
          "assetId": "mV5ggHAW90f6",
          "checksum": "06d07d74f5c9b84f39b51141cf0bb01d"
        },
        {
          "type": "cssRules",
          "assetId": "mV5ggHAW90f6",
          "checksum": "06d07d74f5c9b84f39b51141cf0bb01d"
        },
        {
          "type": "renderModule",
          "assetId": "4fYoHw4fZBIr",
          "checksum": "94d6d437a46d9afd476e7cbe6a5ba798"
        },
        {
          "type": "cssRules",
          "assetId": "4fYoHw4fZBIr",
          "checksum": "94d6d437a46d9afd476e7cbe6a5ba798"
        },
        {
          "type": "icon",
          "assetId": "tHRiEcENlKUj",
          "checksum": "833a07300a340d7c4ce34f521074796d"
        },
        {
          "type": "icon",
          "assetId": "1kxlB7-_4TS7",
          "checksum": "e79084378192957407d9e682973cb3c5"
        },
        {
          "type": "icon",
          "assetId": "O1CwqKwTqtNL",
          "checksum": "4f7aee775c8769bda8347c273f84c764"
        },
        {
          "type": "icon",
          "assetId": "HB44ZgtMW9nk",
          "checksum": "e0fec636917e101c8903c9a46b15fe5d"
        },
        {
          "type": "icon",
          "assetId": "c5KJHDDVwPoD",
          "checksum": "ef9de8db035ed3591da0b37a27412e6b"
        },
        {
          "type": "icon",
          "assetId": "96StbnXXHbva",
          "checksum": "5abe5523ea759fe1909f97290c0929f2"
        },
        {
          "type": "icon",
          "assetId": "uLjGpoTYDM-8",
          "checksum": "56bbf7f0fb0e516a9c84dc18d1dd22d6"
        },
        {
          "type": "icon",
          "assetId": "SEpB_uq3RHnF",
          "checksum": "58b13b3663a3e39ecd3e982164a89f78"
        },
        {
          "type": "icon",
          "assetId": "acrDAiNtlzt7",
          "checksum": "f39a11eb75bb46d8b676e0a0ea73aa48"
        },
        {
          "type": "icon",
          "assetId": "69V-oGWcQl68",
          "checksum": "d164343ff044dcb327cedc4655478607"
        },
        {
          "type": "icon",
          "assetId": "RAHZlEFXVDc8",
          "checksum": "02d443bf9b46c47ebff10df9a6b2a812"
        },
        {
          "type": "icon",
          "assetId": "5oXM7zfN_tkR",
          "checksum": "a1a5bbffa7dd0bd46552a2145d66b15e"
        },
        {
          "type": "icon",
          "assetId": "tkqAdJ0u8PV9",
          "checksum": "4cfe1c095409e760498ba4d78b846485"
        },
        {
          "type": "icon",
          "assetId": "wNkA_z7727O8",
          "checksum": "f4e08b187288450eb7ad690990db9061"
        },
        {
          "type": "icon",
          "assetId": "7eysBRZ7inrP",
          "checksum": "1f3d6c8658fa3fdb4701bb3c4a390185"
        },
        {
          "type": "icon",
          "assetId": "cp1WCqa9u5RP",
          "checksum": "55ce76c3cdb401c7c278883f2ad6e57c"
        },
        {
          "type": "icon",
          "assetId": "8c4gjxZO5oTE",
          "checksum": "6f65b15728d36ddf509337e71308b373"
        },
        {
          "type": "icon",
          "assetId": "w97chA4KrwFr",
          "checksum": "bdaf692adc77c3e3d43c8dd07953b5cf"
        },
        {
          "type": "icon",
          "assetId": "fjNo4gjamDCn",
          "checksum": "472f997327b3ccf1fbe650f4a7542bc1"
        },
        {
          "type": "icon",
          "assetId": "aZAmBKgXt8Up",
          "checksum": "6af63d9a078bcff43c99440aba17d9a3"
        },
        {
          "type": "icon",
          "assetId": "xybzh12u6BHZ",
          "checksum": "6058da1eedd26ed75fda4a2332d2eee8"
        },
        {
          "type": "icon",
          "assetId": "Bo7Fhis6DnLS",
          "checksum": "71bae8c899962966ac33f796fe7e078f"
        },
        {
          "type": "icon",
          "assetId": "emmBWhqmis8r",
          "checksum": "29a40b9ca32ad88ec7fb755fb4699a38"
        },
        {
          "type": "icon",
          "assetId": "FZxg52L7d_OH",
          "checksum": "caf4039a15c4ea34653fe6b3acf73059"
        },
        {
          "type": "icon",
          "assetId": "xypwP35MHcBm",
          "checksum": "12fa8f55c0ad0ce80da4ee9433213273"
        },
        {
          "type": "icon",
          "assetId": "3pOeBOXVKVXh",
          "checksum": "b25b8ca8747c0d8931d1c474d9c3e846"
        },
        {
          "type": "icon",
          "assetId": "uoPIte3YuHmP",
          "checksum": "372b9a789f69d01f6a1c63206efe30e8"
        },
        {
          "type": "image",
          "assetId": "azT7kj6WXvOa",
          "checksum": "4ad6b696e226f5370dd03ef663a6129d"
        },
        {
          "type": "image",
          "assetId": "6DzM5K4Ts43A",
          "checksum": "f74d8030e0073452f2eac9bd257f444e"
        },
        {
          "type": "image",
          "assetId": "1xvtfftypS4u",
          "checksum": "f1b6c7aeb8ba17b14b4851a0b6dfa906"
        },
        {
          "type": "image",
          "assetId": "ZxoUnbRaQRe4",
          "checksum": "d4c5a998fc011ee7d95ded9eb29710cd"
        },
        {
          "type": "image",
          "assetId": "DNfTwNroipY2",
          "checksum": "6d8a38d008c51e5088d280db184a182e"
        },
        {
          "type": "image",
          "assetId": "dLktqqIXb7qv",
          "checksum": "62bddd205420a202fdf148333bdbe964"
        },
        {
          "type": "image",
          "assetId": "Xv4C_vpJbwE2",
          "checksum": "3adc32ecb0aa204c8f1665b609eaa0ff"
        },
        {
          "type": "image",
          "assetId": "ILAv_F2zcwhD",
          "checksum": "da7f0f1d0ab5722904a60b31a7a09c6c"
        },
        {
          "type": "image",
          "assetId": "rc3nZSASxKqz",
          "checksum": "5a71f5e0c1368d551fb356164ee35fb5"
        },
        {
          "type": "image",
          "assetId": "L1cS3XyN2FiN",
          "checksum": "faa01600010a5341ebe694722a1a9368"
        },
        {
          "type": "image",
          "assetId": "gblct_Msmi1g",
          "checksum": "483b1d33a6394b2d2aec126589f9e03b"
        },
        {
          "type": "image",
          "assetId": "JUvTnOsfwJ6K",
          "checksum": "b29d97280a111c16def3be85a57f67a5"
        },
        {
          "type": "image",
          "assetId": "qBWUp3wPB4Vw",
          "checksum": "250324827a5a6f58f19439c89e9287f7"
        },
        {
          "type": "image",
          "assetId": "TcS9NHHmO8wW",
          "checksum": "bda70ad16f0a413fdbace09ee49689d1"
        },
        {
          "type": "image",
          "assetId": "5dCTJbOy-LCc",
          "checksum": "fdc1c0b7dfa4b122f7050780ea0aef36"
        },
        {
          "type": "image",
          "assetId": "OWr4xEQSCtUi",
          "checksum": "26c786d3d11138bdcb10ba4b7fdfe7ad"
        },
        {
          "type": "image",
          "assetId": "YCS8yhWJ4YjH",
          "checksum": "968c85854d5b330f79700c90949a3b5b"
        },
        {
          "type": "image",
          "assetId": "YntonOsLbkmu",
          "checksum": "b1fc267d8c3b50bb29551329eff2b498"
        },
        {
          "type": "image",
          "assetId": "u-V4VRy3oCDd",
          "checksum": "91dd15aa1da3f86207c6fd328b3d3e45"
        },
        {
          "type": "image",
          "assetId": "x_Kti4Org2tl",
          "checksum": "c06c29fbd91b29ff0259ac3f008413fe"
        },
        {
          "type": "image",
          "assetId": "FD_JEByYin_M",
          "checksum": "52bbbfe90bf9d747a456de281a8dd20f"
        },
        {
          "type": "image",
          "assetId": "X7QgXnKsVHB_",
          "checksum": "10e6f6a31941ebd378a3bd5d6aa38df8"
        },
        {
          "type": "image",
          "assetId": "H_azXLNtvuev",
          "checksum": "73bc7efdaa88cd9d003dab5b1c87bccb"
        },
        {
          "type": "image",
          "assetId": "DfcB2DN9LPWd",
          "checksum": "133e5b884bb7da25a6426aa81508e2dc"
        },
        {
          "type": "image",
          "assetId": "6-Vad4WNhxle",
          "checksum": "826b919062c315da30c9be1b9049a840"
        },
        {
          "type": "image",
          "assetId": "EuwvlZNP8sTw",
          "checksum": "89c546326819161ffae4af8d11c3c699"
        },
        {
          "type": "image",
          "assetId": "_GidDXksluAX",
          "checksum": "30387f14fbc50a814e79cc7bf5f0dc05"
        },
        {
          "type": "image",
          "assetId": "IzkOVuE-2_lo",
          "checksum": "622970575afaa649e11fd6e76e43eb8b"
        },
        {
          "type": "image",
          "assetId": "Er-YdVgnPLeS",
          "checksum": "f0e9bfc13a227c0ab29d74c5876ccf05"
        },
        {
          "type": "image",
          "assetId": "aD3Itt3wqVH_",
          "checksum": "205511a1346cb34832dfb82d4e437166"
        },
        {
          "type": "image",
          "assetId": "hzBSOeTwbGxe",
          "checksum": "0377cf869f0598a585e1de48d5786da4"
        },
        {
          "type": "image",
          "assetId": "PFaCy-AGnTzO",
          "checksum": "4ff54187f85365cb0020c7ff7929d7cc"
        },
        {
          "type": "image",
          "assetId": "gWy91YxI52wU",
          "checksum": "6a210977606918c8e910065c97c463ec"
        },
        {
          "type": "image",
          "assetId": "LK3oMfJIhjOk",
          "checksum": "1c64baabf1fbaaf408be47dd37e3ecab"
        },
        {
          "type": "image",
          "assetId": "YS2KvYvi3Pu9",
          "checksum": "13bbc40c4ed124264089e63e9ca31e48"
        },
        {
          "type": "image",
          "assetId": "7V_kT20LWXKb",
          "checksum": "5e520b284d17dab3e184763a4e57007a"
        },
        {
          "type": "image",
          "assetId": "r3sbesuSH-NU",
          "checksum": "731c38ba27f63b41957b860cdaaac4e9"
        },
        {
          "type": "image",
          "assetId": "4OhbZ09ayW-l",
          "checksum": "234f66905259c50b1f7a83b3ba6a0514"
        },
        {
          "type": "image",
          "assetId": "Bo-ErmisLWuS",
          "checksum": "574e7e3a03f9a9f019da9a62ebe01526"
        },
        {
          "type": "image",
          "assetId": "r0shH0zimbC4",
          "checksum": "f4bab9a31b2be986d8db63f0bd0dd9b0"
        },
        {
          "type": "image",
          "assetId": "yrZjKraSwC_b",
          "checksum": "c5d7095f0560d47c3797f707d4e62798"
        },
        {
          "type": "image",
          "assetId": "XB8OJrMaaCCn",
          "checksum": "d7e78cbe74d758bad12c25c3e8845b41"
        },
        {
          "type": "image",
          "assetId": "uy059KEsSsnZ",
          "checksum": "b111462c0e1fb68c501ce78edda42b05"
        },
        {
          "type": "image",
          "assetId": "CLhl7ljh29Qm",
          "checksum": "264d81d73cb2b15eaed0520c818ef20b"
        },
        {
          "type": "image",
          "assetId": "4_EjF9KXBpwZ",
          "checksum": "c2b85925a383d271f773336330090e41"
        },
        {
          "type": "image",
          "assetId": "wOqMT83VWfut",
          "checksum": "21808c9336a91fd6f477972647d680b3"
        },
        {
          "type": "image",
          "assetId": "8TmFZKxrbWhs",
          "checksum": "991a886a8dd0054ff7e7d8473bd72e77"
        },
        {
          "type": "image",
          "assetId": "i9_nNj_3iQi6",
          "checksum": "c368723e581646d0970b8f3d8d16cc5a"
        },
        {
          "type": "image",
          "assetId": "8eJEXBVaLnfB",
          "checksum": "066e129c7ac6bc889286d0447ac4acaa"
        },
        {
          "type": "image",
          "assetId": "q6M9m_O8mOkg",
          "checksum": "2da422b2ef5b16ceae6773dc4d34719e"
        },
        {
          "type": "image",
          "assetId": "vDD7jgcHfyE4",
          "checksum": "245f85112a2550827442623491be089c"
        },
        {
          "type": "image",
          "assetId": "LQvfS4DUIiVl",
          "checksum": "780a81368af65ba7ed438ff185ca6fa7"
        },
        {
          "type": "image",
          "assetId": "vM_NsYWQEXWw",
          "checksum": "9aaa08240620f6161a64bfd242f1624c"
        },
        {
          "type": "image",
          "assetId": "tZh12M26RNBg",
          "checksum": "ac80236eb9ec3e733629eec9c4fab0b1"
        },
        {
          "type": "image",
          "assetId": "O6453EF0wFIU",
          "checksum": "acc50a909912bf611e841a195b144738"
        },
        {
          "type": "image",
          "assetId": "HFnbx7_n7vOD",
          "checksum": "73deef16ddcb69838db83136af8a9475"
        },
        {
          "type": "image",
          "assetId": "pak_HgGczVLM",
          "checksum": "87b995fe9486d6f61247b19d9c8b4387"
        },
        {
          "type": "image",
          "assetId": "ZXE_aMSXVNw-",
          "checksum": "e14d3704ab82aea8d5670e16d9923812"
        },
        {
          "type": "image",
          "assetId": "rIBSzA_Yu6l9",
          "checksum": "624073cdc98684c63b10a234b8b66725"
        },
        {
          "type": "image",
          "assetId": "YT0povfqAkuk",
          "checksum": "bd9ff8dbc89a6de0d90684c9838e4392"
        },
        {
          "type": "image",
          "assetId": "nFVwREdt7oYN",
          "checksum": "7ccffc559558c26fdeade19bfeba3b01"
        },
        {
          "type": "image",
          "assetId": "wLVaELqoiDca",
          "checksum": "f8f18efbd7e3088498658b515570ff39"
        },
        {
          "type": "image",
          "assetId": "9_udE0EM3UMT",
          "checksum": "f0aa0496e2c5b3278b14b699e96fd39b"
        },
        {
          "type": "image",
          "assetId": "Gs-4vv0jC5mW",
          "checksum": "1053371fcdd7af9a8ea78496ead9785c"
        },
        {
          "type": "image",
          "assetId": "1Rob7uRXydr2",
          "checksum": "d4e05c71a972a112bbe346f58cf9d345"
        },
        {
          "type": "image",
          "assetId": "zkGpjZxpek3o",
          "checksum": "4624c1183856948c9cdc9aa1b51db610"
        },
        {
          "type": "image",
          "assetId": "pRVQIf-lcwCc",
          "checksum": "1380a1e56d8bc2bf2889787ab7d5fe41"
        },
        {
          "type": "image",
          "assetId": "Pbd7nhT8yoZP",
          "checksum": "eaf28f62137740624dc4b90a50f1ad62"
        },
        {
          "type": "image",
          "assetId": "Df7cB9A-6Jtb",
          "checksum": "56bde0156471f646b5ff7ef2a6d55853"
        },
        {
          "type": "image",
          "assetId": "C_te2uQOmv3N",
          "checksum": "5d826362ef6400c91add446854210639"
        },
        {
          "type": "image",
          "assetId": "WE-AK7jIUOi9",
          "checksum": "12ea32cc9286c5846d0fb91b9bdb0f30"
        },
        {
          "type": "image",
          "assetId": "95dnMHXW515s",
          "checksum": "ff67a1a2cceb4ad4b258b6ca13ab5211"
        },
        {
          "type": "image",
          "assetId": "QKZIpPzlPMDg",
          "checksum": "eda13f6f5b316946550b9c07b440a627"
        },
        {
          "type": "image",
          "assetId": "fPUeP5YqHUpQ",
          "checksum": "d4a19e8d035583ba38f0979d3acf304a"
        },
        {
          "type": "image",
          "assetId": "HoexOZ_QRQU8",
          "checksum": "5033d03caa45781378f6b8b5d017796b"
        },
        {
          "type": "image",
          "assetId": "VADU_vNAbZq_",
          "checksum": "820091c6c5f9b9eb653d1507820183e0"
        },
        {
          "type": "image",
          "assetId": "qEsvbnWQIPis",
          "checksum": "feda0b05181dd7735927700e6cc348c5"
        },
        {
          "type": "image",
          "assetId": "ZswnE6u4gJ23",
          "checksum": "109db59de84cd101a376eed7c4ea002b"
        },
        {
          "type": "image",
          "assetId": "e2AdbtlqNy0l",
          "checksum": "5d6e9ed71043cacbce3ce8fe29103cee"
        },
        {
          "type": "image",
          "assetId": "_aMAidAR9Kww",
          "checksum": "8f8299100760a4c0d6ebdde86e8ce5d3"
        },
        {
          "type": "image",
          "assetId": "rYDQ_rWHXWBL",
          "checksum": "d9bccff5a847c353a522c0148ee23e50"
        },
        {
          "type": "image",
          "assetId": "H_eczw9JJpff",
          "checksum": "e83a9a932b1b50538f82aeaecb151025"
        },
        {
          "type": "image",
          "assetId": "s1ecLiHnEbcG",
          "checksum": "94908cdbab0ae9096db908e367db5baa"
        },
        {
          "type": "image",
          "assetId": "HU204HCCTqKY",
          "checksum": "5864e3563164632a857a9b8dde3aa222"
        },
        {
          "type": "image",
          "assetId": "4bBsCjgDQpOb",
          "checksum": "4199e8139555fd43309e1817da5b7c1e"
        },
        {
          "type": "image",
          "assetId": "m2c5EiUjM2QW",
          "checksum": "1d855a801721ccf744225e5a5291f849"
        },
        {
          "type": "image",
          "assetId": "-uL0Gr7hajBI",
          "checksum": "04469fda0ad2ea252812d79e16513f96"
        },
        {
          "type": "image",
          "assetId": "Wlr9-PZKMJhc",
          "checksum": "d420897aa1fab490cd5780cb18ac0b44"
        },
        {
          "type": "image",
          "assetId": "9e41bpxwMh7J",
          "checksum": "ae5fee1984d31bb7518103a22790bd83"
        },
        {
          "type": "image",
          "assetId": "Oclmvj4N3GZd",
          "checksum": "6d51469b17db4a7ae67ea2f8c3c0d64d"
        },
        {
          "type": "image",
          "assetId": "x69YG3d0zRzA",
          "checksum": "de7c35ce6a8c00bd26d04fb2ec1549e9"
        },
        {
          "type": "image",
          "assetId": "NoZxWupq76hd",
          "checksum": "49f5872efee41d7c837f42f799879d6c"
        },
        {
          "type": "image",
          "assetId": "UWgffSxdlU8h",
          "checksum": "1d8b30952aeca15896973909d4d7f5aa"
        },
        {
          "type": "image",
          "assetId": "Bx_AEYf6tDv3",
          "checksum": "491297d044bf1952801616c154550c00"
        },
        {
          "type": "image",
          "assetId": "NrBi4EfCsHoV",
          "checksum": "6deac2707f83f29c625337c11504cf4f"
        },
        {
          "type": "image",
          "assetId": "a8sFBVcXrm5N",
          "checksum": "fdbb585de1ffa4f80ee38ee08d8be6f6"
        },
        {
          "type": "image",
          "assetId": "BqXT-7c_I6zQ",
          "checksum": "3d17332f6707b29894e66e4ea0d7c34f"
        },
        {
          "type": "image",
          "assetId": "mT3DE6KypxoN",
          "checksum": "55c8e206c5b80b0e939c810a782a4b1b"
        },
        {
          "type": "image",
          "assetId": "vX6aDrcQfkc0",
          "checksum": "41970b6524ee90213125ddd47e594c8b"
        },
        {
          "type": "image",
          "assetId": "d-32dfI2fSo_",
          "checksum": "c4b2bfec7d62b22aa93484a56383104e"
        },
        {
          "type": "image",
          "assetId": "FZfSZiP9SfeQ",
          "checksum": "3b5ed6de8e0b7d03014b6cd900ce3d08"
        },
        {
          "type": "image",
          "assetId": "FLyt8mT6HpLZ",
          "checksum": "a244ae64bef6bee0afbd618edc2b1757"
        },
        {
          "type": "image",
          "assetId": "QvA9kEpsETef",
          "checksum": "59ff5598d7f9f7bd9c33a22d91bcfd64"
        },
        {
          "type": "image",
          "assetId": "T0TDNfen0bgp",
          "checksum": "0ed5ae3dba19fae643a2dd24d5a51d36"
        },
        {
          "type": "image",
          "assetId": "-H7LOFcrAE4D",
          "checksum": "494e4e3b945ae8c87b055c6aee0c2c5d"
        },
        {
          "type": "image",
          "assetId": "LRDxQfeWICQv",
          "checksum": "ee53b94aad213c7065aa55b6804fd11e"
        }
      ],
      "codegenVersion": "0.0.2"
    }
  ],
  "cliVersion": "0.1.347"
}
